
Microsoft Visual Studio Solution File, Format Version 12.00
# Visual Studio Version 16
VisualStudioVersion = 16.0.30907.101
MinimumVisualStudioVersion = 10.0.40219.1
Project("{FAE04EC0-301F-11D3-BF4B-00C04F79EFBC}") = "TheCureDemo", "TheCureDemo\TheCureDemo.csproj", "{1EFC97CE-7BF0-4BE4-BFBC-1A998938810F}"
EndProject
Project("{FAE04EC0-301F-11D3-BF4B-00C04F79EFBC}") = "TheCureGame", "TheCureGame\TheCureGame.csproj", "{D753A11C-80CC-4365-BC3E-70C76E144F86}"
EndProject
Global
	GlobalSection(SolutionConfigurationPlatforms) = preSolution
		Debug|Any CPU = Debug|Any CPU
		Release|Any CPU = Release|Any CPU
	EndGlobalSection
	GlobalSection(ProjectConfigurationPlatforms) = postSolution
		{1EFC97CE-7BF0-4BE4-BFBC-1A998938810F}.Debug|Any CPU.ActiveCfg = Debug|Any CPU
		{1EFC97CE-7BF0-4BE4-BFBC-1A998938810F}.Debug|Any CPU.Build.0 = Debug|Any CPU
		{1EFC97CE-7BF0-4BE4-BFBC-1A998938810F}.Release|Any CPU.ActiveCfg = Release|Any CPU
		{1EFC97CE-7BF0-4BE4-BFBC-1A998938810F}.Release|Any CPU.Build.0 = Release|Any CPU
		{D753A11C-80CC-4365-BC3E-70C76E144F86}.Debug|Any CPU.ActiveCfg = Debug|Any CPU
		{D753A11C-80CC-4365-BC3E-70C76E144F86}.Debug|Any CPU.Build.0 = Debug|Any CPU
		{D753A11C-80CC-4365-BC3E-70C76E144F86}.Release|Any CPU.ActiveCfg = Release|Any CPU
		{D753A11C-80CC-4365-BC3E-70C76E144F86}.Release|Any CPU.Build.0 = Release|Any CPU
	EndGlobalSection
	GlobalSection(SolutionProperties) = preSolution
		HideSolutionNode = FALSE
	EndGlobalSection
	GlobalSection(ExtensibilityGlobals) = postSolution
		SolutionGuid = {57864F65-DE87-45DA-AD04-AB24615A56CE}
	EndGlobalSection
EndGlobal
